
Microsoft Visual Studio Solution File, Format Version 12.00
# Visual Studio 15
VisualStudioVersion = 15.0.26430.6
MinimumVisualStudioVersion = 10.0.40219.1
Project("{9A19103F-16F7-4668-BE54-9A1E7A4F7556}") = "Glyde.Di", "submodules\glydesdk\src\Glyde.Di\Glyde.Di.csproj", "{29867091-3AEC-4703-A72D-C9E6030C0A97}"
EndProject
Project("{9A19103F-16F7-4668-BE54-9A1E7A4F7556}") = "Glyde.Bootstrapper", "submodules\glydesdk\src\Glyde.Bootstrapper\Glyde.Bootstrapper.csproj", "{D62B8F3F-6F3A-4B1B-AC23-DA30150B86DD}"
EndProject
Project("{9A19103F-16F7-4668-BE54-9A1E7A4F7556}") = "Glyde.Configuration", "submodules\glydesdk\src\Glyde.Configuration\Glyde.Configuration.csproj", "{32A12279-2325-4F84-B451-3C920CFBBC6E}"
EndProject
Project("{9A19103F-16F7-4668-BE54-9A1E7A4F7556}") = "Glyde.Di.SimpleInjector", "submodules\glydesdk\src\Glyde.Di.SimpleInjector\Glyde.Di.SimpleInjector.csproj", "{6C9E2D10-BFE6-4291-A482-D205FEE6D44C}"
EndProject
Project("{9A19103F-16F7-4668-BE54-9A1E7A4F7556}") = "Glyde.NoSql.AzureTables", "submodules\glydesdk\src\Glyde.NoSql.AzureTables\Glyde.NoSql.AzureTables.csproj", "{5BFCD702-9E7D-4809-8C42-59044CEC23B6}"
EndProject
Project("{9A19103F-16F7-4668-BE54-9A1E7A4F7556}") = "Glyde.Web.Api.Common", "submodules\glydesdk\src\Glyde.Web.Api.Common\Glyde.Web.Api.Common.csproj", "{160C134D-2B73-4DEE-B20E-10407B6FD806}"
EndProject
Project("{9A19103F-16F7-4668-BE54-9A1E7A4F7556}") = "Glyde.AspNetCore.Common", "submodules\glydesdk\src\Glyde.AspNetCore.Common\Glyde.AspNetCore.Common.csproj", "{8F803EE6-F663-428C-975A-131059541E9F}"
EndProject
Project("{2150E333-8FDC-42A3-9474-1A3956D46DE8}") = "asp.net_core", "asp.net_core", "{814B8B77-9024-454B-986A-5E43FE352B27}"
EndProject
Project("{2150E333-8FDC-42A3-9474-1A3956D46DE8}") = "web", "web", "{C89C1E01-33D4-4222-A216-F5FA99B2E2FC}"
EndProject
Project("{2150E333-8FDC-42A3-9474-1A3956D46DE8}") = "data", "data", "{7A8E1E64-5EC1-4B37-8447-4BC73AB81B4F}"
EndProject
Project("{2150E333-8FDC-42A3-9474-1A3956D46DE8}") = "di", "di", "{E01192AC-EB15-4FB4-AAE5-3FC06A8CD58C}"
EndProject
Project("{2150E333-8FDC-42A3-9474-1A3956D46DE8}") = "bootstrapping", "bootstrapping", "{ED911D04-277F-4CB2-B62C-1401D7AFC03F}"
EndProject
Project("{2150E333-8FDC-42A3-9474-1A3956D46DE8}") = "configuration", "configuration", "{9A2404AE-0E7C-424A-85D1-5097B4396DC0}"
EndProject
Project("{9A19103F-16F7-4668-BE54-9A1E7A4F7556}") = "Glyde.NoSql", "submodules\glydesdk\src\Glyde.NoSql\Glyde.NoSql.csproj", "{DF98D8EA-DEC9-4942-A7F7-717472733A13}"
EndProject
Project("{2150E333-8FDC-42A3-9474-1A3956D46DE8}") = "glydesdk", "glydesdk", "{1EF33406-6674-473D-A7F9-3707028CB6B5}"
EndProject
Project("{2150E333-8FDC-42A3-9474-1A3956D46DE8}") = "external", "external", "{6F799796-E404-49EF-BD4F-554888F4F8DE}"
EndProject
Project("{9A19103F-16F7-4668-BE54-9A1E7A4F7556}") = "SiteSpeedManager.Agent", "SiteSpeedManager.Agent\SiteSpeedManager.Agent.csproj", "{59EA1724-5EA2-4EF9-B398-CE8995A64195}"
EndProject
Project("{2150E333-8FDC-42A3-9474-1A3956D46DE8}") = "appsupport", "appsupport", "{09B08262-400E-4709-AEB0-B718C22AFDB1}"
EndProject
Project("{9A19103F-16F7-4668-BE54-9A1E7A4F7556}") = "Glyde.Data", "submodules\glydesdk\src\Glyde.Data\Glyde.Data.csproj", "{21CD366D-9F40-4703-A572-2F508F62B934}"
EndProject
Project("{9A19103F-16F7-4668-BE54-9A1E7A4F7556}") = "Glyde.Data.EfCore", "submodules\glydesdk\src\Glyde.Data.EfCore\Glyde.Data.EfCore.csproj", "{BDF5EDFC-86FD-471C-A642-7A9CA7C7497A}"
EndProject
Project("{9A19103F-16F7-4668-BE54-9A1E7A4F7556}") = "Glyde.ApplicationSupport", "submodules\glydesdk\src\Glyde.ApplicationSupport\Glyde.ApplicationSupport.csproj", "{3B07D245-7F99-4BEA-986B-BECEFB920EFF}"
EndProject
Project("{9A19103F-16F7-4668-BE54-9A1E7A4F7556}") = "SiteSpeedManager.Models", "SiteSpeedManager.Models\SiteSpeedManager.Models.csproj", "{2FE3AD99-B38B-4C4D-AB08-AAE01B213F8D}"
EndProject
Project("{9A19103F-16F7-4668-BE54-9A1E7A4F7556}") = "Glyde.JobScheduler", "submodules\glydesdk\src\Glyde.JobScheduler\Glyde.JobScheduler.csproj", "{4AD253FF-94B4-4F31-95E0-733A4B1BD11A}"
EndProject
Project("{9A19103F-16F7-4668-BE54-9A1E7A4F7556}") = "SiteSpeedManager.Transport", "SiteSpeedManager.Transport\SiteSpeedManager.Transport.csproj", "{D87C394B-92E5-4649-A5B7-90732D6AAC6A}"
EndProject
Global
	GlobalSection(SolutionConfigurationPlatforms) = preSolution
		Debug|Any CPU = Debug|Any CPU
		Release|Any CPU = Release|Any CPU
	EndGlobalSection
	GlobalSection(ProjectConfigurationPlatforms) = postSolution
		{29867091-3AEC-4703-A72D-C9E6030C0A97}.Debug|Any CPU.ActiveCfg = Debug|Any CPU
		{29867091-3AEC-4703-A72D-C9E6030C0A97}.Debug|Any CPU.Build.0 = Debug|Any CPU
		{29867091-3AEC-4703-A72D-C9E6030C0A97}.Release|Any CPU.ActiveCfg = Release|Any CPU
		{29867091-3AEC-4703-A72D-C9E6030C0A97}.Release|Any CPU.Build.0 = Release|Any CPU
		{D62B8F3F-6F3A-4B1B-AC23-DA30150B86DD}.Debug|Any CPU.ActiveCfg = Debug|Any CPU
		{D62B8F3F-6F3A-4B1B-AC23-DA30150B86DD}.Debug|Any CPU.Build.0 = Debug|Any CPU
		{D62B8F3F-6F3A-4B1B-AC23-DA30150B86DD}.Release|Any CPU.ActiveCfg = Release|Any CPU
		{D62B8F3F-6F3A-4B1B-AC23-DA30150B86DD}.Release|Any CPU.Build.0 = Release|Any CPU
		{32A12279-2325-4F84-B451-3C920CFBBC6E}.Debug|Any CPU.ActiveCfg = Debug|Any CPU
		{32A12279-2325-4F84-B451-3C920CFBBC6E}.Debug|Any CPU.Build.0 = Debug|Any CPU
		{32A12279-2325-4F84-B451-3C920CFBBC6E}.Release|Any CPU.ActiveCfg = Release|Any CPU
		{32A12279-2325-4F84-B451-3C920CFBBC6E}.Release|Any CPU.Build.0 = Release|Any CPU
		{6C9E2D10-BFE6-4291-A482-D205FEE6D44C}.Debug|Any CPU.ActiveCfg = Debug|Any CPU
		{6C9E2D10-BFE6-4291-A482-D205FEE6D44C}.Debug|Any CPU.Build.0 = Debug|Any CPU
		{6C9E2D10-BFE6-4291-A482-D205FEE6D44C}.Release|Any CPU.ActiveCfg = Release|Any CPU
		{6C9E2D10-BFE6-4291-A482-D205FEE6D44C}.Release|Any CPU.Build.0 = Release|Any CPU
		{5BFCD702-9E7D-4809-8C42-59044CEC23B6}.Debug|Any CPU.ActiveCfg = Debug|Any CPU
		{5BFCD702-9E7D-4809-8C42-59044CEC23B6}.Debug|Any CPU.Build.0 = Debug|Any CPU
		{5BFCD702-9E7D-4809-8C42-59044CEC23B6}.Release|Any CPU.ActiveCfg = Release|Any CPU
		{5BFCD702-9E7D-4809-8C42-59044CEC23B6}.Release|Any CPU.Build.0 = Release|Any CPU
		{160C134D-2B73-4DEE-B20E-10407B6FD806}.Debug|Any CPU.ActiveCfg = Debug|Any CPU
		{160C134D-2B73-4DEE-B20E-10407B6FD806}.Debug|Any CPU.Build.0 = Debug|Any CPU
		{160C134D-2B73-4DEE-B20E-10407B6FD806}.Release|Any CPU.ActiveCfg = Release|Any CPU
		{160C134D-2B73-4DEE-B20E-10407B6FD806}.Release|Any CPU.Build.0 = Release|Any CPU
		{8F803EE6-F663-428C-975A-131059541E9F}.Debug|Any CPU.ActiveCfg = Debug|Any CPU
		{8F803EE6-F663-428C-975A-131059541E9F}.Debug|Any CPU.Build.0 = Debug|Any CPU
		{8F803EE6-F663-428C-975A-131059541E9F}.Release|Any CPU.ActiveCfg = Release|Any CPU
		{8F803EE6-F663-428C-975A-131059541E9F}.Release|Any CPU.Build.0 = Release|Any CPU
		{DF98D8EA-DEC9-4942-A7F7-717472733A13}.Debug|Any CPU.ActiveCfg = Debug|Any CPU
		{DF98D8EA-DEC9-4942-A7F7-717472733A13}.Debug|Any CPU.Build.0 = Debug|Any CPU
		{DF98D8EA-DEC9-4942-A7F7-717472733A13}.Release|Any CPU.ActiveCfg = Release|Any CPU
		{DF98D8EA-DEC9-4942-A7F7-717472733A13}.Release|Any CPU.Build.0 = Release|Any CPU
		{59EA1724-5EA2-4EF9-B398-CE8995A64195}.Debug|Any CPU.ActiveCfg = Debug|Any CPU
		{59EA1724-5EA2-4EF9-B398-CE8995A64195}.Debug|Any CPU.Build.0 = Debug|Any CPU
		{59EA1724-5EA2-4EF9-B398-CE8995A64195}.Release|Any CPU.ActiveCfg = Release|Any CPU
		{59EA1724-5EA2-4EF9-B398-CE8995A64195}.Release|Any CPU.Build.0 = Release|Any CPU
		{21CD366D-9F40-4703-A572-2F508F62B934}.Debug|Any CPU.ActiveCfg = Debug|Any CPU
		{21CD366D-9F40-4703-A572-2F508F62B934}.Debug|Any CPU.Build.0 = Debug|Any CPU
		{21CD366D-9F40-4703-A572-2F508F62B934}.Release|Any CPU.ActiveCfg = Release|Any CPU
		{21CD366D-9F40-4703-A572-2F508F62B934}.Release|Any CPU.Build.0 = Release|Any CPU
		{BDF5EDFC-86FD-471C-A642-7A9CA7C7497A}.Debug|Any CPU.ActiveCfg = Debug|Any CPU
		{BDF5EDFC-86FD-471C-A642-7A9CA7C7497A}.Debug|Any CPU.Build.0 = Debug|Any CPU
		{BDF5EDFC-86FD-471C-A642-7A9CA7C7497A}.Release|Any CPU.ActiveCfg = Release|Any CPU
		{BDF5EDFC-86FD-471C-A642-7A9CA7C7497A}.Release|Any CPU.Build.0 = Release|Any CPU
		{3B07D245-7F99-4BEA-986B-BECEFB920EFF}.Debug|Any CPU.ActiveCfg = Debug|Any CPU
		{3B07D245-7F99-4BEA-986B-BECEFB920EFF}.Debug|Any CPU.Build.0 = Debug|Any CPU
		{3B07D245-7F99-4BEA-986B-BECEFB920EFF}.Release|Any CPU.ActiveCfg = Release|Any CPU
		{3B07D245-7F99-4BEA-986B-BECEFB920EFF}.Release|Any CPU.Build.0 = Release|Any CPU
		{2FE3AD99-B38B-4C4D-AB08-AAE01B213F8D}.Debug|Any CPU.ActiveCfg = Debug|Any CPU
		{2FE3AD99-B38B-4C4D-AB08-AAE01B213F8D}.Debug|Any CPU.Build.0 = Debug|Any CPU
		{2FE3AD99-B38B-4C4D-AB08-AAE01B213F8D}.Release|Any CPU.ActiveCfg = Release|Any CPU
		{2FE3AD99-B38B-4C4D-AB08-AAE01B213F8D}.Release|Any CPU.Build.0 = Release|Any CPU
		{4AD253FF-94B4-4F31-95E0-733A4B1BD11A}.Debug|Any CPU.ActiveCfg = Debug|Any CPU
		{4AD253FF-94B4-4F31-95E0-733A4B1BD11A}.Debug|Any CPU.Build.0 = Debug|Any CPU
		{4AD253FF-94B4-4F31-95E0-733A4B1BD11A}.Release|Any CPU.ActiveCfg = Release|Any CPU
		{4AD253FF-94B4-4F31-95E0-733A4B1BD11A}.Release|Any CPU.Build.0 = Release|Any CPU
		{D87C394B-92E5-4649-A5B7-90732D6AAC6A}.Debug|Any CPU.ActiveCfg = Debug|Any CPU
		{D87C394B-92E5-4649-A5B7-90732D6AAC6A}.Debug|Any CPU.Build.0 = Debug|Any CPU
		{D87C394B-92E5-4649-A5B7-90732D6AAC6A}.Release|Any CPU.ActiveCfg = Release|Any CPU
		{D87C394B-92E5-4649-A5B7-90732D6AAC6A}.Release|Any CPU.Build.0 = Release|Any CPU
	EndGlobalSection
	GlobalSection(SolutionProperties) = preSolution
		HideSolutionNode = FALSE
	EndGlobalSection
	GlobalSection(NestedProjects) = preSolution
		{29867091-3AEC-4703-A72D-C9E6030C0A97} = {E01192AC-EB15-4FB4-AAE5-3FC06A8CD58C}
		{D62B8F3F-6F3A-4B1B-AC23-DA30150B86DD} = {ED911D04-277F-4CB2-B62C-1401D7AFC03F}
		{32A12279-2325-4F84-B451-3C920CFBBC6E} = {9A2404AE-0E7C-424A-85D1-5097B4396DC0}
		{6C9E2D10-BFE6-4291-A482-D205FEE6D44C} = {E01192AC-EB15-4FB4-AAE5-3FC06A8CD58C}
		{5BFCD702-9E7D-4809-8C42-59044CEC23B6} = {7A8E1E64-5EC1-4B37-8447-4BC73AB81B4F}
		{160C134D-2B73-4DEE-B20E-10407B6FD806} = {C89C1E01-33D4-4222-A216-F5FA99B2E2FC}
		{8F803EE6-F663-428C-975A-131059541E9F} = {814B8B77-9024-454B-986A-5E43FE352B27}
		{814B8B77-9024-454B-986A-5E43FE352B27} = {1EF33406-6674-473D-A7F9-3707028CB6B5}
		{C89C1E01-33D4-4222-A216-F5FA99B2E2FC} = {1EF33406-6674-473D-A7F9-3707028CB6B5}
		{7A8E1E64-5EC1-4B37-8447-4BC73AB81B4F} = {1EF33406-6674-473D-A7F9-3707028CB6B5}
		{E01192AC-EB15-4FB4-AAE5-3FC06A8CD58C} = {1EF33406-6674-473D-A7F9-3707028CB6B5}
		{ED911D04-277F-4CB2-B62C-1401D7AFC03F} = {1EF33406-6674-473D-A7F9-3707028CB6B5}
		{9A2404AE-0E7C-424A-85D1-5097B4396DC0} = {1EF33406-6674-473D-A7F9-3707028CB6B5}
		{DF98D8EA-DEC9-4942-A7F7-717472733A13} = {7A8E1E64-5EC1-4B37-8447-4BC73AB81B4F}
		{1EF33406-6674-473D-A7F9-3707028CB6B5} = {6F799796-E404-49EF-BD4F-554888F4F8DE}
		{09B08262-400E-4709-AEB0-B718C22AFDB1} = {1EF33406-6674-473D-A7F9-3707028CB6B5}
		{21CD366D-9F40-4703-A572-2F508F62B934} = {7A8E1E64-5EC1-4B37-8447-4BC73AB81B4F}
		{BDF5EDFC-86FD-471C-A642-7A9CA7C7497A} = {7A8E1E64-5EC1-4B37-8447-4BC73AB81B4F}
		{3B07D245-7F99-4BEA-986B-BECEFB920EFF} = {09B08262-400E-4709-AEB0-B718C22AFDB1}
		{4AD253FF-94B4-4F31-95E0-733A4B1BD11A} = {09B08262-400E-4709-AEB0-B718C22AFDB1}
	EndGlobalSection
EndGlobal
